
Microsoft Visual Studio Solution File, Format Version 12.00
# Visual Studio 15
VisualStudioVersion = 15.0.28307.106
MinimumVisualStudioVersion = 10.0.40219.1
Project("{888888A0-9F3D-457C-B088-3A5042F75D52}") = "ATM Machine", "ATM Machine\ATM Machine.pyproj", "{827ED4B9-AFBA-485A-8340-C1DECE440A0F}"
EndProject
Global
	GlobalSection(SolutionConfigurationPlatforms) = preSolution
		Debug|Any CPU = Debug|Any CPU
		Release|Any CPU = Release|Any CPU
	EndGlobalSection
	GlobalSection(ProjectConfigurationPlatforms) = postSolution
		{827ED4B9-AFBA-485A-8340-C1DECE440A0F}.Debug|Any CPU.ActiveCfg = Debug|Any CPU
		{827ED4B9-AFBA-485A-8340-C1DECE440A0F}.Debug|Any CPU.Build.0 = Debug|Any CPU
		{827ED4B9-AFBA-485A-8340-C1DECE440A0F}.Release|Any CPU.ActiveCfg = Release|Any CPU
		{827ED4B9-AFBA-485A-8340-C1DECE440A0F}.Release|Any CPU.Build.0 = Release|Any CPU
	EndGlobalSection
	GlobalSection(SolutionProperties) = preSolution
		HideSolutionNode = FALSE
	EndGlobalSection
	GlobalSection(ExtensibilityGlobals) = postSolution
		SolutionGuid = {8A3C860D-673A-4095-92B7-DF25F9FE5981}
	EndGlobalSection
EndGlobal
